
Microsoft Visual Studio Solution File, Format Version 12.00
# Visual Studio Express 2012 for Windows Desktop
Project("{8BC9CEB8-8B4A-11D0-8D11-00A0C91BC942}") = "Platform", "Platform\Platform.vcxproj", "{087FF9A4-0270-4326-9EEA-13A0ACA79190}"
EndProject
Project("{8BC9CEB8-8B4A-11D0-8D11-00A0C91BC942}") = "UnitTest", "UnitTest\UnitTest.vcxproj", "{56544080-B78E-4A89-8152-7EE59FFC8B71}"
EndProject
Project("{8BC9CEB8-8B4A-11D0-8D11-00A0C91BC942}") = "Executable", "Executable\Executable.vcxproj", "{0265FD52-202C-4104-A58E-066E7F5DAED5}"
EndProject
Project("{8BC9CEB8-8B4A-11D0-8D11-00A0C91BC942}") = "Core", "Core\Core.vcxproj", "{180EB86E-9F11-4B68-B96C-14B5D1B23628}"
EndProject
Project("{8BC9CEB8-8B4A-11D0-8D11-00A0C91BC942}") = "Graphics", "Graphics\Graphics.vcxproj", "{2412AC16-A372-40D9-A600-DA7368B448DF}"
EndProject
Global
	GlobalSection(SolutionConfigurationPlatforms) = preSolution
		Debug|Mixed Platforms = Debug|Mixed Platforms
		Debug|Win32 = Debug|Win32
		Debug|x64 = Debug|x64
		Release|Mixed Platforms = Release|Mixed Platforms
		Release|Win32 = Release|Win32
		Release|x64 = Release|x64
	EndGlobalSection
	GlobalSection(ProjectConfigurationPlatforms) = postSolution
		{087FF9A4-0270-4326-9EEA-13A0ACA79190}.Debug|Mixed Platforms.ActiveCfg = Debug|Win32
		{087FF9A4-0270-4326-9EEA-13A0ACA79190}.Debug|Mixed Platforms.Build.0 = Debug|Win32
		{087FF9A4-0270-4326-9EEA-13A0ACA79190}.Debug|Win32.ActiveCfg = Debug|Win32
		{087FF9A4-0270-4326-9EEA-13A0ACA79190}.Debug|Win32.Build.0 = Debug|Win32
		{087FF9A4-0270-4326-9EEA-13A0ACA79190}.Debug|x64.ActiveCfg = Debug|x64
		{087FF9A4-0270-4326-9EEA-13A0ACA79190}.Debug|x64.Build.0 = Debug|x64
		{087FF9A4-0270-4326-9EEA-13A0ACA79190}.Release|Mixed Platforms.ActiveCfg = Release|Win32
		{087FF9A4-0270-4326-9EEA-13A0ACA79190}.Release|Mixed Platforms.Build.0 = Release|Win32
		{087FF9A4-0270-4326-9EEA-13A0ACA79190}.Release|Win32.ActiveCfg = Release|Win32
		{087FF9A4-0270-4326-9EEA-13A0ACA79190}.Release|Win32.Build.0 = Release|Win32
		{087FF9A4-0270-4326-9EEA-13A0ACA79190}.Release|x64.ActiveCfg = Release|x64
		{087FF9A4-0270-4326-9EEA-13A0ACA79190}.Release|x64.Build.0 = Release|x64
		{56544080-B78E-4A89-8152-7EE59FFC8B71}.Debug|Mixed Platforms.ActiveCfg = Debug|Win32
		{56544080-B78E-4A89-8152-7EE59FFC8B71}.Debug|Mixed Platforms.Build.0 = Debug|Win32
		{56544080-B78E-4A89-8152-7EE59FFC8B71}.Debug|Win32.ActiveCfg = Debug|Win32
		{56544080-B78E-4A89-8152-7EE59FFC8B71}.Debug|Win32.Build.0 = Debug|Win32
		{56544080-B78E-4A89-8152-7EE59FFC8B71}.Debug|x64.ActiveCfg = Debug|x64
		{56544080-B78E-4A89-8152-7EE59FFC8B71}.Debug|x64.Build.0 = Debug|x64
		{56544080-B78E-4A89-8152-7EE59FFC8B71}.Release|Mixed Platforms.ActiveCfg = Release|Win32
		{56544080-B78E-4A89-8152-7EE59FFC8B71}.Release|Mixed Platforms.Build.0 = Release|Win32
		{56544080-B78E-4A89-8152-7EE59FFC8B71}.Release|Win32.ActiveCfg = Release|Win32
		{56544080-B78E-4A89-8152-7EE59FFC8B71}.Release|Win32.Build.0 = Release|Win32
		{56544080-B78E-4A89-8152-7EE59FFC8B71}.Release|x64.ActiveCfg = Release|x64
		{56544080-B78E-4A89-8152-7EE59FFC8B71}.Release|x64.Build.0 = Release|x64
		{0265FD52-202C-4104-A58E-066E7F5DAED5}.Debug|Mixed Platforms.ActiveCfg = Debug|Win32
		{0265FD52-202C-4104-A58E-066E7F5DAED5}.Debug|Mixed Platforms.Build.0 = Debug|Win32
		{0265FD52-202C-4104-A58E-066E7F5DAED5}.Debug|Win32.ActiveCfg = Debug|Win32
		{0265FD52-202C-4104-A58E-066E7F5DAED5}.Debug|Win32.Build.0 = Debug|Win32
		{0265FD52-202C-4104-A58E-066E7F5DAED5}.Debug|x64.ActiveCfg = Debug|x64
		{0265FD52-202C-4104-A58E-066E7F5DAED5}.Debug|x64.Build.0 = Debug|x64
		{0265FD52-202C-4104-A58E-066E7F5DAED5}.Release|Mixed Platforms.ActiveCfg = Release|Win32
		{0265FD52-202C-4104-A58E-066E7F5DAED5}.Release|Mixed Platforms.Build.0 = Release|Win32
		{0265FD52-202C-4104-A58E-066E7F5DAED5}.Release|Win32.ActiveCfg = Release|Win32
		{0265FD52-202C-4104-A58E-066E7F5DAED5}.Release|Win32.Build.0 = Release|Win32
		{0265FD52-202C-4104-A58E-066E7F5DAED5}.Release|x64.ActiveCfg = Release|x64
		{0265FD52-202C-4104-A58E-066E7F5DAED5}.Release|x64.Build.0 = Release|x64
		{180EB86E-9F11-4B68-B96C-14B5D1B23628}.Debug|Mixed Platforms.ActiveCfg = Debug|Win32
		{180EB86E-9F11-4B68-B96C-14B5D1B23628}.Debug|Mixed Platforms.Build.0 = Debug|Win32
		{180EB86E-9F11-4B68-B96C-14B5D1B23628}.Debug|Win32.ActiveCfg = Debug|Win32
		{180EB86E-9F11-4B68-B96C-14B5D1B23628}.Debug|Win32.Build.0 = Debug|Win32
		{180EB86E-9F11-4B68-B96C-14B5D1B23628}.Debug|x64.ActiveCfg = Debug|x64
		{180EB86E-9F11-4B68-B96C-14B5D1B23628}.Debug|x64.Build.0 = Debug|x64
		{180EB86E-9F11-4B68-B96C-14B5D1B23628}.Release|Mixed Platforms.ActiveCfg = Release|Win32
		{180EB86E-9F11-4B68-B96C-14B5D1B23628}.Release|Mixed Platforms.Build.0 = Release|Win32
		{180EB86E-9F11-4B68-B96C-14B5D1B23628}.Release|Win32.ActiveCfg = Release|Win32
		{180EB86E-9F11-4B68-B96C-14B5D1B23628}.Release|Win32.Build.0 = Release|Win32
		{180EB86E-9F11-4B68-B96C-14B5D1B23628}.Release|x64.ActiveCfg = Release|x64
		{180EB86E-9F11-4B68-B96C-14B5D1B23628}.Release|x64.Build.0 = Release|x64
		{2412AC16-A372-40D9-A600-DA7368B448DF}.Debug|Mixed Platforms.ActiveCfg = Debug|Win32
		{2412AC16-A372-40D9-A600-DA7368B448DF}.Debug|Mixed Platforms.Build.0 = Debug|Win32
		{2412AC16-A372-40D9-A600-DA7368B448DF}.Debug|Win32.ActiveCfg = Debug|Win32
		{2412AC16-A372-40D9-A600-DA7368B448DF}.Debug|Win32.Build.0 = Debug|Win32
		{2412AC16-A372-40D9-A600-DA7368B448DF}.Debug|x64.ActiveCfg = Debug|x64
		{2412AC16-A372-40D9-A600-DA7368B448DF}.Debug|x64.Build.0 = Debug|x64
		{2412AC16-A372-40D9-A600-DA7368B448DF}.Release|Mixed Platforms.ActiveCfg = Release|Win32
		{2412AC16-A372-40D9-A600-DA7368B448DF}.Release|Mixed Platforms.Build.0 = Release|Win32
		{2412AC16-A372-40D9-A600-DA7368B448DF}.Release|Win32.ActiveCfg = Release|Win32
		{2412AC16-A372-40D9-A600-DA7368B448DF}.Release|Win32.Build.0 = Release|Win32
		{2412AC16-A372-40D9-A600-DA7368B448DF}.Release|x64.ActiveCfg = Release|x64
		{2412AC16-A372-40D9-A600-DA7368B448DF}.Release|x64.Build.0 = Release|x64
	EndGlobalSection
	GlobalSection(SolutionProperties) = preSolution
		HideSolutionNode = FALSE
	EndGlobalSection
EndGlobal
