
Microsoft Visual Studio Solution File, Format Version 12.00
# Visual Studio 2012
Project("{8BC9CEB8-8B4A-11D0-8D11-00A0C91BC942}") = "UnitTest", "UnitTest\UnitTest.vcxproj", "{56544080-B78E-4A89-8152-7EE59FFC8B71}"
EndProject
Project("{8BC9CEB8-8B4A-11D0-8D11-00A0C91BC942}") = "Executable", "Executable\Executable.vcxproj", "{0265FD52-202C-4104-A58E-066E7F5DAED5}"
EndProject
Project("{8BC9CEB8-8B4A-11D0-8D11-00A0C91BC942}") = "Core", "Core\Core.vcxproj", "{180EB86E-9F11-4B68-B96C-14B5D1B23628}"
EndProject
Project("{2150E333-8FDC-42A3-9474-1A3956D46DE8}") = "Graphics", "Graphics", "{44124F77-A69F-4FFD-A535-5CBF96F3D2AD}"
EndProject
Project("{8BC9CEB8-8B4A-11D0-8D11-00A0C91BC942}") = "Graphics Interface", "Graphics\Graphics Interface\Graphics Interface.vcxproj", "{802B506A-B93D-4A0E-88CE-FA597C6E58CB}"
EndProject
Project("{8BC9CEB8-8B4A-11D0-8D11-00A0C91BC942}") = "Graphics DirectX 11.0", "Graphics\Graphics DirectX 11.0\Graphics DirectX 11.0.vcxproj", "{BFF11BF9-B603-4FE9-A1C7-A4C1CC3F4195}"
EndProject
Project("{8BC9CEB8-8B4A-11D0-8D11-00A0C91BC942}") = "Graphics Test", "Graphics\Graphics Test\Graphics Test.vcxproj", "{07799624-8355-4331-9692-0CAD3DF9448D}"
	ProjectSection(ProjectDependencies) = postProject
		{802B506A-B93D-4A0E-88CE-FA597C6E58CB} = {802B506A-B93D-4A0E-88CE-FA597C6E58CB}
		{BFF11BF9-B603-4FE9-A1C7-A4C1CC3F4195} = {BFF11BF9-B603-4FE9-A1C7-A4C1CC3F4195}
	EndProjectSection
EndProject
Project("{8BC9CEB8-8B4A-11D0-8D11-00A0C91BC942}") = "Platform", "Platform\Platform.vcxproj", "{78624E3F-3CB8-4AFA-9886-2AC60CBB423B}"
EndProject
Global
	GlobalSection(SolutionConfigurationPlatforms) = preSolution
		Debug|Mixed Platforms = Debug|Mixed Platforms
		Debug|Win32 = Debug|Win32
		Debug|x64 = Debug|x64
		Release|Mixed Platforms = Release|Mixed Platforms
		Release|Win32 = Release|Win32
		Release|x64 = Release|x64
	EndGlobalSection
	GlobalSection(ProjectConfigurationPlatforms) = postSolution
		{56544080-B78E-4A89-8152-7EE59FFC8B71}.Debug|Mixed Platforms.ActiveCfg = Debug|Win32
		{56544080-B78E-4A89-8152-7EE59FFC8B71}.Debug|Mixed Platforms.Build.0 = Debug|Win32
		{56544080-B78E-4A89-8152-7EE59FFC8B71}.Debug|Win32.ActiveCfg = Debug|Win32
		{56544080-B78E-4A89-8152-7EE59FFC8B71}.Debug|Win32.Build.0 = Debug|Win32
		{56544080-B78E-4A89-8152-7EE59FFC8B71}.Debug|x64.ActiveCfg = Debug|x64
		{56544080-B78E-4A89-8152-7EE59FFC8B71}.Debug|x64.Build.0 = Debug|x64
		{56544080-B78E-4A89-8152-7EE59FFC8B71}.Release|Mixed Platforms.ActiveCfg = Release|Win32
		{56544080-B78E-4A89-8152-7EE59FFC8B71}.Release|Mixed Platforms.Build.0 = Release|Win32
		{56544080-B78E-4A89-8152-7EE59FFC8B71}.Release|Win32.ActiveCfg = Release|Win32
		{56544080-B78E-4A89-8152-7EE59FFC8B71}.Release|Win32.Build.0 = Release|Win32
		{56544080-B78E-4A89-8152-7EE59FFC8B71}.Release|x64.ActiveCfg = Release|x64
		{56544080-B78E-4A89-8152-7EE59FFC8B71}.Release|x64.Build.0 = Release|x64
		{0265FD52-202C-4104-A58E-066E7F5DAED5}.Debug|Mixed Platforms.ActiveCfg = Debug|Win32
		{0265FD52-202C-4104-A58E-066E7F5DAED5}.Debug|Mixed Platforms.Build.0 = Debug|Win32
		{0265FD52-202C-4104-A58E-066E7F5DAED5}.Debug|Win32.ActiveCfg = Debug|Win32
		{0265FD52-202C-4104-A58E-066E7F5DAED5}.Debug|Win32.Build.0 = Debug|Win32
		{0265FD52-202C-4104-A58E-066E7F5DAED5}.Debug|x64.ActiveCfg = Debug|x64
		{0265FD52-202C-4104-A58E-066E7F5DAED5}.Debug|x64.Build.0 = Debug|x64
		{0265FD52-202C-4104-A58E-066E7F5DAED5}.Release|Mixed Platforms.ActiveCfg = Release|Win32
		{0265FD52-202C-4104-A58E-066E7F5DAED5}.Release|Mixed Platforms.Build.0 = Release|Win32
		{0265FD52-202C-4104-A58E-066E7F5DAED5}.Release|Win32.ActiveCfg = Release|Win32
		{0265FD52-202C-4104-A58E-066E7F5DAED5}.Release|Win32.Build.0 = Release|Win32
		{0265FD52-202C-4104-A58E-066E7F5DAED5}.Release|x64.ActiveCfg = Release|x64
		{0265FD52-202C-4104-A58E-066E7F5DAED5}.Release|x64.Build.0 = Release|x64
		{180EB86E-9F11-4B68-B96C-14B5D1B23628}.Debug|Mixed Platforms.ActiveCfg = Debug|Win32
		{180EB86E-9F11-4B68-B96C-14B5D1B23628}.Debug|Mixed Platforms.Build.0 = Debug|Win32
		{180EB86E-9F11-4B68-B96C-14B5D1B23628}.Debug|Win32.ActiveCfg = Debug|Win32
		{180EB86E-9F11-4B68-B96C-14B5D1B23628}.Debug|Win32.Build.0 = Debug|Win32
		{180EB86E-9F11-4B68-B96C-14B5D1B23628}.Debug|x64.ActiveCfg = Debug|x64
		{180EB86E-9F11-4B68-B96C-14B5D1B23628}.Debug|x64.Build.0 = Debug|x64
		{180EB86E-9F11-4B68-B96C-14B5D1B23628}.Release|Mixed Platforms.ActiveCfg = Release|Win32
		{180EB86E-9F11-4B68-B96C-14B5D1B23628}.Release|Mixed Platforms.Build.0 = Release|Win32
		{180EB86E-9F11-4B68-B96C-14B5D1B23628}.Release|Win32.ActiveCfg = Release|Win32
		{180EB86E-9F11-4B68-B96C-14B5D1B23628}.Release|Win32.Build.0 = Release|Win32
		{180EB86E-9F11-4B68-B96C-14B5D1B23628}.Release|x64.ActiveCfg = Release|x64
		{180EB86E-9F11-4B68-B96C-14B5D1B23628}.Release|x64.Build.0 = Release|x64
		{802B506A-B93D-4A0E-88CE-FA597C6E58CB}.Debug|Mixed Platforms.ActiveCfg = Debug|Win32
		{802B506A-B93D-4A0E-88CE-FA597C6E58CB}.Debug|Mixed Platforms.Build.0 = Debug|Win32
		{802B506A-B93D-4A0E-88CE-FA597C6E58CB}.Debug|Win32.ActiveCfg = Debug|Win32
		{802B506A-B93D-4A0E-88CE-FA597C6E58CB}.Debug|Win32.Build.0 = Debug|Win32
		{802B506A-B93D-4A0E-88CE-FA597C6E58CB}.Debug|x64.ActiveCfg = Debug|x64
		{802B506A-B93D-4A0E-88CE-FA597C6E58CB}.Debug|x64.Build.0 = Debug|x64
		{802B506A-B93D-4A0E-88CE-FA597C6E58CB}.Release|Mixed Platforms.ActiveCfg = Release|Win32
		{802B506A-B93D-4A0E-88CE-FA597C6E58CB}.Release|Mixed Platforms.Build.0 = Release|Win32
		{802B506A-B93D-4A0E-88CE-FA597C6E58CB}.Release|Win32.ActiveCfg = Release|Win32
		{802B506A-B93D-4A0E-88CE-FA597C6E58CB}.Release|Win32.Build.0 = Release|Win32
		{802B506A-B93D-4A0E-88CE-FA597C6E58CB}.Release|x64.ActiveCfg = Release|x64
		{802B506A-B93D-4A0E-88CE-FA597C6E58CB}.Release|x64.Build.0 = Release|x64
		{BFF11BF9-B603-4FE9-A1C7-A4C1CC3F4195}.Debug|Mixed Platforms.ActiveCfg = Debug|Win32
		{BFF11BF9-B603-4FE9-A1C7-A4C1CC3F4195}.Debug|Mixed Platforms.Build.0 = Debug|Win32
		{BFF11BF9-B603-4FE9-A1C7-A4C1CC3F4195}.Debug|Win32.ActiveCfg = Debug|Win32
		{BFF11BF9-B603-4FE9-A1C7-A4C1CC3F4195}.Debug|Win32.Build.0 = Debug|Win32
		{BFF11BF9-B603-4FE9-A1C7-A4C1CC3F4195}.Debug|x64.ActiveCfg = Debug|x64
		{BFF11BF9-B603-4FE9-A1C7-A4C1CC3F4195}.Debug|x64.Build.0 = Debug|x64
		{BFF11BF9-B603-4FE9-A1C7-A4C1CC3F4195}.Release|Mixed Platforms.ActiveCfg = Release|Win32
		{BFF11BF9-B603-4FE9-A1C7-A4C1CC3F4195}.Release|Mixed Platforms.Build.0 = Release|Win32
		{BFF11BF9-B603-4FE9-A1C7-A4C1CC3F4195}.Release|Win32.ActiveCfg = Release|Win32
		{BFF11BF9-B603-4FE9-A1C7-A4C1CC3F4195}.Release|Win32.Build.0 = Release|Win32
		{BFF11BF9-B603-4FE9-A1C7-A4C1CC3F4195}.Release|x64.ActiveCfg = Release|x64
		{BFF11BF9-B603-4FE9-A1C7-A4C1CC3F4195}.Release|x64.Build.0 = Release|x64
		{07799624-8355-4331-9692-0CAD3DF9448D}.Debug|Mixed Platforms.ActiveCfg = Debug|Win32
		{07799624-8355-4331-9692-0CAD3DF9448D}.Debug|Mixed Platforms.Build.0 = Debug|Win32
		{07799624-8355-4331-9692-0CAD3DF9448D}.Debug|Win32.ActiveCfg = Debug|Win32
		{07799624-8355-4331-9692-0CAD3DF9448D}.Debug|Win32.Build.0 = Debug|Win32
		{07799624-8355-4331-9692-0CAD3DF9448D}.Debug|x64.ActiveCfg = Debug|x64
		{07799624-8355-4331-9692-0CAD3DF9448D}.Debug|x64.Build.0 = Debug|x64
		{07799624-8355-4331-9692-0CAD3DF9448D}.Release|Mixed Platforms.ActiveCfg = Release|Win32
		{07799624-8355-4331-9692-0CAD3DF9448D}.Release|Mixed Platforms.Build.0 = Release|Win32
		{07799624-8355-4331-9692-0CAD3DF9448D}.Release|Win32.ActiveCfg = Release|Win32
		{07799624-8355-4331-9692-0CAD3DF9448D}.Release|Win32.Build.0 = Release|Win32
		{07799624-8355-4331-9692-0CAD3DF9448D}.Release|x64.ActiveCfg = Release|x64
		{07799624-8355-4331-9692-0CAD3DF9448D}.Release|x64.Build.0 = Release|x64
		{78624E3F-3CB8-4AFA-9886-2AC60CBB423B}.Debug|Mixed Platforms.ActiveCfg = Debug|Win32
		{78624E3F-3CB8-4AFA-9886-2AC60CBB423B}.Debug|Mixed Platforms.Build.0 = Debug|Win32
		{78624E3F-3CB8-4AFA-9886-2AC60CBB423B}.Debug|Win32.ActiveCfg = Debug|Win32
		{78624E3F-3CB8-4AFA-9886-2AC60CBB423B}.Debug|Win32.Build.0 = Debug|Win32
		{78624E3F-3CB8-4AFA-9886-2AC60CBB423B}.Debug|x64.ActiveCfg = Debug|x64
		{78624E3F-3CB8-4AFA-9886-2AC60CBB423B}.Debug|x64.Build.0 = Debug|x64
		{78624E3F-3CB8-4AFA-9886-2AC60CBB423B}.Release|Mixed Platforms.ActiveCfg = Release|Win32
		{78624E3F-3CB8-4AFA-9886-2AC60CBB423B}.Release|Mixed Platforms.Build.0 = Release|Win32
		{78624E3F-3CB8-4AFA-9886-2AC60CBB423B}.Release|Win32.ActiveCfg = Release|Win32
		{78624E3F-3CB8-4AFA-9886-2AC60CBB423B}.Release|Win32.Build.0 = Release|Win32
		{78624E3F-3CB8-4AFA-9886-2AC60CBB423B}.Release|x64.ActiveCfg = Release|x64
		{78624E3F-3CB8-4AFA-9886-2AC60CBB423B}.Release|x64.Build.0 = Release|x64
	EndGlobalSection
	GlobalSection(SolutionProperties) = preSolution
		HideSolutionNode = FALSE
	EndGlobalSection
	GlobalSection(NestedProjects) = preSolution
		{802B506A-B93D-4A0E-88CE-FA597C6E58CB} = {44124F77-A69F-4FFD-A535-5CBF96F3D2AD}
		{BFF11BF9-B603-4FE9-A1C7-A4C1CC3F4195} = {44124F77-A69F-4FFD-A535-5CBF96F3D2AD}
		{07799624-8355-4331-9692-0CAD3DF9448D} = {44124F77-A69F-4FFD-A535-5CBF96F3D2AD}
	EndGlobalSection
EndGlobal
