<?xml version="1.0" encoding="utf-8"?>
<Project ToolsVersion="4.0" xmlns="http://schemas.microsoft.com/developer/msbuild/2003">
  <ItemGroup>
    <Filter Include="Source Files">
      <UniqueIdentifier>{4FC737F1-C7A5-4376-A066-2A32D752A2FF}</UniqueIdentifier>
      <Extensions>cpp;c;cc;cxx;def;odl;idl;hpj;bat;asm;asmx</Extensions>
    </Filter>
    <Filter Include="Modules">
      <UniqueIdentifier>{516145a4-bc71-42aa-a9ba-41c83f1019cc}</UniqueIdentifier>
    </Filter>
    <Filter Include="Modules\Graphics">
      <UniqueIdentifier>{eb23bcb1-a998-4a3e-abfb-67456154d302}</UniqueIdentifier>
    </Filter>
    <Filter Include="Modules\Header Files">
      <UniqueIdentifier>{a0d6b5bd-9a4a-4fe6-bb52-37d72ff6fb05}</UniqueIdentifier>
    </Filter>
    <Filter Include="Modules\Source Files">
      <UniqueIdentifier>{c3263147-6c0a-4757-9278-7259a5b61a26}</UniqueIdentifier>
    </Filter>
    <Filter Include="Modules\Graphics\Header Files">
      <UniqueIdentifier>{195d8d94-d19c-43c9-92f7-8ae1181248fc}</UniqueIdentifier>
    </Filter>
    <Filter Include="Modules\Graphics\Inline Files">
      <UniqueIdentifier>{c8350e79-bd32-4233-8712-77d752ce0b3d}</UniqueIdentifier>
    </Filter>
    <Filter Include="Modules\Graphics\Source Files">
      <UniqueIdentifier>{e7b81139-2c3c-41c4-a7fc-e04e9c772f2f}</UniqueIdentifier>
    </Filter>
    <Filter Include="Header Files">
      <UniqueIdentifier>{ad6e0c98-f210-422d-a596-706a7dfd742d}</UniqueIdentifier>
    </Filter>
  </ItemGroup>
  <ItemGroup>
    <ClCompile Include="Source\DLLMain.cpp">
      <Filter>Source Files</Filter>
    </ClCompile>
    <ClCompile Include="Source\Core.cpp">
      <Filter>Source Files</Filter>
    </ClCompile>
    <ClCompile Include="Source\Engine.cpp">
      <Filter>Source Files</Filter>
    </ClCompile>
    <ClCompile Include="Source\Modules\ModuleManager.cpp">
      <Filter>Modules\Source Files</Filter>
    </ClCompile>
    <ClCompile Include="Source\Modules\Graphics\GraphicsModule.cpp">
      <Filter>Modules\Graphics\Source Files</Filter>
    </ClCompile>
    <ClCompile Include="Source\Modules\Graphics\WindowModule.cpp">
      <Filter>Modules\Graphics\Source Files</Filter>
    </ClCompile>
  </ItemGroup>
  <ItemGroup>
    <ClInclude Include="Source\Modules\IModule.h">
      <Filter>Modules\Header Files</Filter>
    </ClInclude>
    <ClInclude Include="Source\Modules\ModuleManager.h">
      <Filter>Modules\Header Files</Filter>
    </ClInclude>
    <ClInclude Include="Source\Modules\Graphics\WindowModule.h">
      <Filter>Modules\Graphics\Header Files</Filter>
    </ClInclude>
    <ClInclude Include="Source\Modules\Graphics\GraphicsModule.h">
      <Filter>Modules\Graphics\Header Files</Filter>
    </ClInclude>
    <ClInclude Include="Source\Core.h">
      <Filter>Header Files</Filter>
    </ClInclude>
    <ClInclude Include="Source\Engine.h">
      <Filter>Header Files</Filter>
    </ClInclude>
  </ItemGroup>
  <ItemGroup>
    <None Include="Source\Modules\Graphics\WindowModule.inl">
      <Filter>Modules\Graphics\Inline Files</Filter>
    </None>
  </ItemGroup>
</Project>