<?xml version="1.0" encoding="utf-8"?>
<Project ToolsVersion="4.0" xmlns="http://schemas.microsoft.com/developer/msbuild/2003">
  <ItemGroup>
    <ClCompile Include="main.cpp" />
  </ItemGroup>
  <ItemGroup>
    <Filter Include="Platform">
      <UniqueIdentifier>{8a20e2cb-2b81-486e-8735-ca8d330f060e}</UniqueIdentifier>
    </Filter>
  </ItemGroup>
  <ItemGroup>
    <ClInclude Include="Tests\Platform\Platform.h">
      <Filter>Platform</Filter>
    </ClInclude>
    <ClInclude Include="Tests\Platform\Timer.h">
      <Filter>Platform</Filter>
    </ClInclude>
    <ClInclude Include="Tests\Platform\DataTypes.h">
      <Filter>Platform</Filter>
    </ClInclude>
  </ItemGroup>
</Project>