<?xml version="1.0" encoding="utf-8"?>
<Project ToolsVersion="4.0" xmlns="http://schemas.microsoft.com/developer/msbuild/2003">
  <ItemGroup>
    <Filter Include="Source Files">
      <UniqueIdentifier>{4FC737F1-C7A5-4376-A066-2A32D752A2FF}</UniqueIdentifier>
      <Extensions>cpp;c;cc;cxx;def;odl;idl;hpj;bat;asm;asmx</Extensions>
    </Filter>
    <Filter Include="Header Files">
      <UniqueIdentifier>{93995380-89BD-4b04-88EB-625FBE52EBFB}</UniqueIdentifier>
      <Extensions>h;hpp;hxx;hm;inl;inc;xsd</Extensions>
    </Filter>
    <Filter Include="Inline Files">
      <UniqueIdentifier>{111491a8-8d88-4415-be2c-da7fddb59c02}</UniqueIdentifier>
    </Filter>
    <Filter Include="Handles">
      <UniqueIdentifier>{0ac1c2d9-1295-44e9-af4d-9385132e2db5}</UniqueIdentifier>
    </Filter>
    <Filter Include="Handles\Header Files">
      <UniqueIdentifier>{14af4f9a-f9e7-49a9-af3f-ac7257aa157a}</UniqueIdentifier>
    </Filter>
    <Filter Include="Handles\Inline Files">
      <UniqueIdentifier>{897a0990-9b8b-4211-8d3b-af82b88cb2a7}</UniqueIdentifier>
    </Filter>
    <Filter Include="Handles\Source Files">
      <UniqueIdentifier>{ca3e6e68-63c3-443d-adc5-9bec98197a3f}</UniqueIdentifier>
    </Filter>
    <Filter Include="Collections">
      <UniqueIdentifier>{39002e1a-b838-4f14-aa56-267484de82d7}</UniqueIdentifier>
    </Filter>
    <Filter Include="IO">
      <UniqueIdentifier>{d0f069cc-e343-4a90-b55f-f5c3b861d21a}</UniqueIdentifier>
    </Filter>
    <Filter Include="IO\Header Files">
      <UniqueIdentifier>{0ed93ac8-ed17-41ab-8144-2fadb12bf413}</UniqueIdentifier>
    </Filter>
    <Filter Include="IO\Source Files">
      <UniqueIdentifier>{48625131-1d96-409b-9850-5d16426a7a6a}</UniqueIdentifier>
    </Filter>
  </ItemGroup>
  <ItemGroup>
    <ClInclude Include="Source\DataTypes.h">
      <Filter>Header Files</Filter>
    </ClInclude>
    <ClInclude Include="Source\Information.h">
      <Filter>Header Files</Filter>
    </ClInclude>
    <ClInclude Include="Source\Platform.h">
      <Filter>Header Files</Filter>
    </ClInclude>
    <ClInclude Include="Source\Preprocessor.h">
      <Filter>Header Files</Filter>
    </ClInclude>
    <ClInclude Include="Source\Timer.h">
      <Filter>Header Files</Filter>
    </ClInclude>
    <ClInclude Include="Source\Window.h">
      <Filter>Header Files</Filter>
    </ClInclude>
    <ClInclude Include="FTLPlatform.h" />
    <ClInclude Include="Source\Collections\Collections.h">
      <Filter>Collections</Filter>
    </ClInclude>
    <ClInclude Include="Source\Handles\Handle.h">
      <Filter>Handles\Header Files</Filter>
    </ClInclude>
    <ClInclude Include="Source\Handles\Handles.h">
      <Filter>Handles\Header Files</Filter>
    </ClInclude>
    <ClInclude Include="Source\Handles\HandleManager.h">
      <Filter>Handles\Header Files</Filter>
    </ClInclude>
    <ClInclude Include="Source\IO\IO.h">
      <Filter>IO\Header Files</Filter>
    </ClInclude>
    <ClInclude Include="Source\IO\File.h">
      <Filter>IO\Header Files</Filter>
    </ClInclude>
  </ItemGroup>
  <ItemGroup>
    <ClCompile Include="Source\Timer.cpp">
      <Filter>Source Files</Filter>
    </ClCompile>
    <ClCompile Include="Source\Window.cpp">
      <Filter>Source Files</Filter>
    </ClCompile>
    <ClCompile Include="Source\Handles\HandleManager.cpp">
      <Filter>Handles\Source Files</Filter>
    </ClCompile>
    <ClCompile Include="Source\IO\File.cpp">
      <Filter>IO\Source Files</Filter>
    </ClCompile>
  </ItemGroup>
  <ItemGroup>
    <None Include="Source\Window.inl">
      <Filter>Inline Files</Filter>
    </None>
    <None Include="Source\Handles\Handle.inl">
      <Filter>Handles\Inline Files</Filter>
    </None>
    <None Include="Source\Handles\HandleManager.inl">
      <Filter>Handles\Inline Files</Filter>
    </None>
  </ItemGroup>
</Project>